
Microsoft Visual Studio Solution File, Format Version 12.00
# Visual Studio Version 16
VisualStudioVersion = 16.0.29424.173
MinimumVisualStudioVersion = 10.0.40219.1
Project("{FAE04EC0-301F-11D3-BF4B-00C04F79EFBC}") = "SeletivoUCDB", "SeletivoUCDB\SeletivoUCDB.csproj", "{9403E16E-4C7D-4FB1-88A5-2D455E485C6C}"
EndProject
Global
	GlobalSection(SolutionConfigurationPlatforms) = preSolution
		Debug|Any CPU = Debug|Any CPU
		Release|Any CPU = Release|Any CPU
	EndGlobalSection
	GlobalSection(ProjectConfigurationPlatforms) = postSolution
		{9403E16E-4C7D-4FB1-88A5-2D455E485C6C}.Debug|Any CPU.ActiveCfg = Debug|Any CPU
		{9403E16E-4C7D-4FB1-88A5-2D455E485C6C}.Debug|Any CPU.Build.0 = Debug|Any CPU
		{9403E16E-4C7D-4FB1-88A5-2D455E485C6C}.Release|Any CPU.ActiveCfg = Release|Any CPU
		{9403E16E-4C7D-4FB1-88A5-2D455E485C6C}.Release|Any CPU.Build.0 = Release|Any CPU
	EndGlobalSection
	GlobalSection(SolutionProperties) = preSolution
		HideSolutionNode = FALSE
	EndGlobalSection
	GlobalSection(ExtensibilityGlobals) = postSolution
		SolutionGuid = {616D1C4A-9478-422F-BFAB-2B7E008D745E}
	EndGlobalSection
EndGlobal
